
Microsoft Visual Studio Solution File, Format Version 12.00
# Visual Studio Version 17
VisualStudioVersion = 17.11.35312.102
MinimumVisualStudioVersion = 10.0.40219.1
Project("{FAE04EC0-301F-11D3-BF4B-00C04F79EFBC}") = "MovieApp", "MovieApp\MovieApp.csproj", "{A1235926-C53F-40EF-93BE-DF67DBDEF442}"
EndProject
Global
	GlobalSection(SolutionConfigurationPlatforms) = preSolution
		Debug|Any CPU = Debug|Any CPU
		Release|Any CPU = Release|Any CPU
	EndGlobalSection
	GlobalSection(ProjectConfigurationPlatforms) = postSolution
		{A1235926-C53F-40EF-93BE-DF67DBDEF442}.Debug|Any CPU.ActiveCfg = Debug|Any CPU
		{A1235926-C53F-40EF-93BE-DF67DBDEF442}.Debug|Any CPU.Build.0 = Debug|Any CPU
		{A1235926-C53F-40EF-93BE-DF67DBDEF442}.Release|Any CPU.ActiveCfg = Release|Any CPU
		{A1235926-C53F-40EF-93BE-DF67DBDEF442}.Release|Any CPU.Build.0 = Release|Any CPU
	EndGlobalSection
	GlobalSection(SolutionProperties) = preSolution
		HideSolutionNode = FALSE
	EndGlobalSection
	GlobalSection(ExtensibilityGlobals) = postSolution
		SolutionGuid = {8BC6AC35-2FDB-49B7-B6C3-68F8F070A499}
	EndGlobalSection
EndGlobal
